
Microsoft Visual Studio Solution File, Format Version 12.00
# Visual Studio 15
Project("{FAE04EC0-301F-11D3-BF4B-00C04F79EFBC}") = "Assembly-CSharp", "Assembly-CSharp.csproj", "{F3E95056-DC34-78A7-DA81-8DD1AB13B0EF}"
EndProject
Project("{FAE04EC0-301F-11D3-BF4B-00C04F79EFBC}") = "VRM", "VRM.csproj", "{4A124322-D6AC-B3C0-2C0B-81F9C137F63E}"
EndProject
Project("{FAE04EC0-301F-11D3-BF4B-00C04F79EFBC}") = "UniJSON", "UniJSON.csproj", "{7312E64A-49D5-4FF1-CC67-48C02119B9FD}"
EndProject
Project("{FAE04EC0-301F-11D3-BF4B-00C04F79EFBC}") = "DepthFirstScheduler", "DepthFirstScheduler.csproj", "{9EFE02E3-5E5F-FFA4-8126-8B667197BDB7}"
EndProject
Project("{FAE04EC0-301F-11D3-BF4B-00C04F79EFBC}") = "MToon", "MToon.csproj", "{52C58ED7-5474-69E4-C3EB-166D394451AD}"
EndProject
Project("{FAE04EC0-301F-11D3-BF4B-00C04F79EFBC}") = "UniHumanoid", "UniHumanoid.csproj", "{FA521600-9D9D-E456-0628-1C03A6149B9C}"
EndProject
Project("{FAE04EC0-301F-11D3-BF4B-00C04F79EFBC}") = "ShaderProperty.Runtime", "ShaderProperty.Runtime.csproj", "{2AA782A5-833E-226D-52BF-D82569B1037C}"
EndProject
Project("{FAE04EC0-301F-11D3-BF4B-00C04F79EFBC}") = "UniUnlit", "UniUnlit.csproj", "{928F71E2-6885-CE73-4895-85BBFB052787}"
EndProject
Project("{FAE04EC0-301F-11D3-BF4B-00C04F79EFBC}") = "Assembly-CSharp-Editor", "Assembly-CSharp-Editor.csproj", "{A3FBD11D-0B3C-759D-6D2C-F91BC37E3286}"
EndProject
Project("{FAE04EC0-301F-11D3-BF4B-00C04F79EFBC}") = "UniJSON.Editor.Tests", "UniJSON.Editor.Tests.csproj", "{6E37DA54-00BE-194C-5062-526A1B5A0BEF}"
EndProject
Project("{FAE04EC0-301F-11D3-BF4B-00C04F79EFBC}") = "UniVRM.Editor", "UniVRM.Editor.csproj", "{5D3DFF4A-789A-312D-6610-9474EA48DB9D}"
EndProject
Project("{FAE04EC0-301F-11D3-BF4B-00C04F79EFBC}") = "UniHumanoid.Editor", "UniHumanoid.Editor.csproj", "{2E7B8CDB-1838-3107-C6A7-247CA00CD2D4}"
EndProject
Project("{FAE04EC0-301F-11D3-BF4B-00C04F79EFBC}") = "UniGLTF.Editor.Tests", "UniGLTF.Editor.Tests.csproj", "{AA112987-09AF-F46E-79F7-09F5CDB3F7C2}"
EndProject
Project("{FAE04EC0-301F-11D3-BF4B-00C04F79EFBC}") = "UniGLTF.Editor", "UniGLTF.Editor.csproj", "{9BB515DE-0486-05EB-CC53-6E359A692DEB}"
EndProject
Project("{FAE04EC0-301F-11D3-BF4B-00C04F79EFBC}") = "UniVRM.Editor.Tests", "UniVRM.Editor.Tests.csproj", "{46467AB5-AA08-EAA8-D514-755C28D436D8}"
EndProject
Project("{FAE04EC0-301F-11D3-BF4B-00C04F79EFBC}") = "UniUnlit.Editor", "UniUnlit.Editor.csproj", "{F329E7AC-FB1D-514B-D964-66EBAC4C281A}"
EndProject
Project("{FAE04EC0-301F-11D3-BF4B-00C04F79EFBC}") = "ShaderProperty.Editor", "ShaderProperty.Editor.csproj", "{54F159BA-02C3-767E-1C6E-2F311A5FF3C1}"
EndProject
Project("{FAE04EC0-301F-11D3-BF4B-00C04F79EFBC}") = "MToon.Editor", "MToon.Editor.csproj", "{682D2D6A-1E2C-0F58-228C-E7851E1F13BC}"
EndProject
Project("{FAE04EC0-301F-11D3-BF4B-00C04F79EFBC}") = "DepthFirstScheduler.Editor.Tests", "DepthFirstScheduler.Editor.Tests.csproj", "{13793891-CAF6-BF4B-9720-3C131AAC2901}"
EndProject
Project("{FAE04EC0-301F-11D3-BF4B-00C04F79EFBC}") = "UniHumanoid.Editor.Tests", "UniHumanoid.Editor.Tests.csproj", "{ECDC2730-3E7E-F1F7-CAEF-118D3FBCC10C}"
EndProject
Global
	GlobalSection(SolutionConfigurationPlatforms) = preSolution
		Debug|Any CPU = Debug|Any CPU
		Release|Any CPU = Release|Any CPU
	EndGlobalSection
	GlobalSection(ProjectConfigurationPlatforms) = postSolution
		{F3E95056-DC34-78A7-DA81-8DD1AB13B0EF}.Debug|Any CPU.ActiveCfg = Debug|Any CPU
		{F3E95056-DC34-78A7-DA81-8DD1AB13B0EF}.Debug|Any CPU.Build.0 = Debug|Any CPU
		{F3E95056-DC34-78A7-DA81-8DD1AB13B0EF}.Release|Any CPU.ActiveCfg = Release|Any CPU
		{F3E95056-DC34-78A7-DA81-8DD1AB13B0EF}.Release|Any CPU.Build.0 = Release|Any CPU
		{4A124322-D6AC-B3C0-2C0B-81F9C137F63E}.Debug|Any CPU.ActiveCfg = Debug|Any CPU
		{4A124322-D6AC-B3C0-2C0B-81F9C137F63E}.Debug|Any CPU.Build.0 = Debug|Any CPU
		{4A124322-D6AC-B3C0-2C0B-81F9C137F63E}.Release|Any CPU.ActiveCfg = Release|Any CPU
		{4A124322-D6AC-B3C0-2C0B-81F9C137F63E}.Release|Any CPU.Build.0 = Release|Any CPU
		{7312E64A-49D5-4FF1-CC67-48C02119B9FD}.Debug|Any CPU.ActiveCfg = Debug|Any CPU
		{7312E64A-49D5-4FF1-CC67-48C02119B9FD}.Debug|Any CPU.Build.0 = Debug|Any CPU
		{7312E64A-49D5-4FF1-CC67-48C02119B9FD}.Release|Any CPU.ActiveCfg = Release|Any CPU
		{7312E64A-49D5-4FF1-CC67-48C02119B9FD}.Release|Any CPU.Build.0 = Release|Any CPU
		{9EFE02E3-5E5F-FFA4-8126-8B667197BDB7}.Debug|Any CPU.ActiveCfg = Debug|Any CPU
		{9EFE02E3-5E5F-FFA4-8126-8B667197BDB7}.Debug|Any CPU.Build.0 = Debug|Any CPU
		{9EFE02E3-5E5F-FFA4-8126-8B667197BDB7}.Release|Any CPU.ActiveCfg = Release|Any CPU
		{9EFE02E3-5E5F-FFA4-8126-8B667197BDB7}.Release|Any CPU.Build.0 = Release|Any CPU
		{52C58ED7-5474-69E4-C3EB-166D394451AD}.Debug|Any CPU.ActiveCfg = Debug|Any CPU
		{52C58ED7-5474-69E4-C3EB-166D394451AD}.Debug|Any CPU.Build.0 = Debug|Any CPU
		{52C58ED7-5474-69E4-C3EB-166D394451AD}.Release|Any CPU.ActiveCfg = Release|Any CPU
		{52C58ED7-5474-69E4-C3EB-166D394451AD}.Release|Any CPU.Build.0 = Release|Any CPU
		{FA521600-9D9D-E456-0628-1C03A6149B9C}.Debug|Any CPU.ActiveCfg = Debug|Any CPU
		{FA521600-9D9D-E456-0628-1C03A6149B9C}.Debug|Any CPU.Build.0 = Debug|Any CPU
		{FA521600-9D9D-E456-0628-1C03A6149B9C}.Release|Any CPU.ActiveCfg = Release|Any CPU
		{FA521600-9D9D-E456-0628-1C03A6149B9C}.Release|Any CPU.Build.0 = Release|Any CPU
		{2AA782A5-833E-226D-52BF-D82569B1037C}.Debug|Any CPU.ActiveCfg = Debug|Any CPU
		{2AA782A5-833E-226D-52BF-D82569B1037C}.Debug|Any CPU.Build.0 = Debug|Any CPU
		{2AA782A5-833E-226D-52BF-D82569B1037C}.Release|Any CPU.ActiveCfg = Release|Any CPU
		{2AA782A5-833E-226D-52BF-D82569B1037C}.Release|Any CPU.Build.0 = Release|Any CPU
		{928F71E2-6885-CE73-4895-85BBFB052787}.Debug|Any CPU.ActiveCfg = Debug|Any CPU
		{928F71E2-6885-CE73-4895-85BBFB052787}.Debug|Any CPU.Build.0 = Debug|Any CPU
		{928F71E2-6885-CE73-4895-85BBFB052787}.Release|Any CPU.ActiveCfg = Release|Any CPU
		{928F71E2-6885-CE73-4895-85BBFB052787}.Release|Any CPU.Build.0 = Release|Any CPU
		{A3FBD11D-0B3C-759D-6D2C-F91BC37E3286}.Debug|Any CPU.ActiveCfg = Debug|Any CPU
		{A3FBD11D-0B3C-759D-6D2C-F91BC37E3286}.Debug|Any CPU.Build.0 = Debug|Any CPU
		{A3FBD11D-0B3C-759D-6D2C-F91BC37E3286}.Release|Any CPU.ActiveCfg = Release|Any CPU
		{A3FBD11D-0B3C-759D-6D2C-F91BC37E3286}.Release|Any CPU.Build.0 = Release|Any CPU
		{6E37DA54-00BE-194C-5062-526A1B5A0BEF}.Debug|Any CPU.ActiveCfg = Debug|Any CPU
		{6E37DA54-00BE-194C-5062-526A1B5A0BEF}.Debug|Any CPU.Build.0 = Debug|Any CPU
		{6E37DA54-00BE-194C-5062-526A1B5A0BEF}.Release|Any CPU.ActiveCfg = Release|Any CPU
		{6E37DA54-00BE-194C-5062-526A1B5A0BEF}.Release|Any CPU.Build.0 = Release|Any CPU
		{5D3DFF4A-789A-312D-6610-9474EA48DB9D}.Debug|Any CPU.ActiveCfg = Debug|Any CPU
		{5D3DFF4A-789A-312D-6610-9474EA48DB9D}.Debug|Any CPU.Build.0 = Debug|Any CPU
		{5D3DFF4A-789A-312D-6610-9474EA48DB9D}.Release|Any CPU.ActiveCfg = Release|Any CPU
		{5D3DFF4A-789A-312D-6610-9474EA48DB9D}.Release|Any CPU.Build.0 = Release|Any CPU
		{2E7B8CDB-1838-3107-C6A7-247CA00CD2D4}.Debug|Any CPU.ActiveCfg = Debug|Any CPU
		{2E7B8CDB-1838-3107-C6A7-247CA00CD2D4}.Debug|Any CPU.Build.0 = Debug|Any CPU
		{2E7B8CDB-1838-3107-C6A7-247CA00CD2D4}.Release|Any CPU.ActiveCfg = Release|Any CPU
		{2E7B8CDB-1838-3107-C6A7-247CA00CD2D4}.Release|Any CPU.Build.0 = Release|Any CPU
		{AA112987-09AF-F46E-79F7-09F5CDB3F7C2}.Debug|Any CPU.ActiveCfg = Debug|Any CPU
		{AA112987-09AF-F46E-79F7-09F5CDB3F7C2}.Debug|Any CPU.Build.0 = Debug|Any CPU
		{AA112987-09AF-F46E-79F7-09F5CDB3F7C2}.Release|Any CPU.ActiveCfg = Release|Any CPU
		{AA112987-09AF-F46E-79F7-09F5CDB3F7C2}.Release|Any CPU.Build.0 = Release|Any CPU
		{9BB515DE-0486-05EB-CC53-6E359A692DEB}.Debug|Any CPU.ActiveCfg = Debug|Any CPU
		{9BB515DE-0486-05EB-CC53-6E359A692DEB}.Debug|Any CPU.Build.0 = Debug|Any CPU
		{9BB515DE-0486-05EB-CC53-6E359A692DEB}.Release|Any CPU.ActiveCfg = Release|Any CPU
		{9BB515DE-0486-05EB-CC53-6E359A692DEB}.Release|Any CPU.Build.0 = Release|Any CPU
		{46467AB5-AA08-EAA8-D514-755C28D436D8}.Debug|Any CPU.ActiveCfg = Debug|Any CPU
		{46467AB5-AA08-EAA8-D514-755C28D436D8}.Debug|Any CPU.Build.0 = Debug|Any CPU
		{46467AB5-AA08-EAA8-D514-755C28D436D8}.Release|Any CPU.ActiveCfg = Release|Any CPU
		{46467AB5-AA08-EAA8-D514-755C28D436D8}.Release|Any CPU.Build.0 = Release|Any CPU
		{F329E7AC-FB1D-514B-D964-66EBAC4C281A}.Debug|Any CPU.ActiveCfg = Debug|Any CPU
		{F329E7AC-FB1D-514B-D964-66EBAC4C281A}.Debug|Any CPU.Build.0 = Debug|Any CPU
		{F329E7AC-FB1D-514B-D964-66EBAC4C281A}.Release|Any CPU.ActiveCfg = Release|Any CPU
		{F329E7AC-FB1D-514B-D964-66EBAC4C281A}.Release|Any CPU.Build.0 = Release|Any CPU
		{54F159BA-02C3-767E-1C6E-2F311A5FF3C1}.Debug|Any CPU.ActiveCfg = Debug|Any CPU
		{54F159BA-02C3-767E-1C6E-2F311A5FF3C1}.Debug|Any CPU.Build.0 = Debug|Any CPU
		{54F159BA-02C3-767E-1C6E-2F311A5FF3C1}.Release|Any CPU.ActiveCfg = Release|Any CPU
		{54F159BA-02C3-767E-1C6E-2F311A5FF3C1}.Release|Any CPU.Build.0 = Release|Any CPU
		{682D2D6A-1E2C-0F58-228C-E7851E1F13BC}.Debug|Any CPU.ActiveCfg = Debug|Any CPU
		{682D2D6A-1E2C-0F58-228C-E7851E1F13BC}.Debug|Any CPU.Build.0 = Debug|Any CPU
		{682D2D6A-1E2C-0F58-228C-E7851E1F13BC}.Release|Any CPU.ActiveCfg = Release|Any CPU
		{682D2D6A-1E2C-0F58-228C-E7851E1F13BC}.Release|Any CPU.Build.0 = Release|Any CPU
		{13793891-CAF6-BF4B-9720-3C131AAC2901}.Debug|Any CPU.ActiveCfg = Debug|Any CPU
		{13793891-CAF6-BF4B-9720-3C131AAC2901}.Debug|Any CPU.Build.0 = Debug|Any CPU
		{13793891-CAF6-BF4B-9720-3C131AAC2901}.Release|Any CPU.ActiveCfg = Release|Any CPU
		{13793891-CAF6-BF4B-9720-3C131AAC2901}.Release|Any CPU.Build.0 = Release|Any CPU
		{ECDC2730-3E7E-F1F7-CAEF-118D3FBCC10C}.Debug|Any CPU.ActiveCfg = Debug|Any CPU
		{ECDC2730-3E7E-F1F7-CAEF-118D3FBCC10C}.Debug|Any CPU.Build.0 = Debug|Any CPU
		{ECDC2730-3E7E-F1F7-CAEF-118D3FBCC10C}.Release|Any CPU.ActiveCfg = Release|Any CPU
		{ECDC2730-3E7E-F1F7-CAEF-118D3FBCC10C}.Release|Any CPU.Build.0 = Release|Any CPU
	EndGlobalSection
	GlobalSection(SolutionProperties) = preSolution
		HideSolutionNode = FALSE
	EndGlobalSection
EndGlobal
