
Microsoft Visual Studio Solution File, Format Version 12.00
# Visual Studio 15
Project("{FAE04EC0-301F-11D3-BF4B-00C04F79EFBC}") = "Assembly-CSharp", "Assembly-CSharp.csproj", "{0C837554-9C10-3AF7-06C5-38EF3168807A}"
EndProject
Project("{FAE04EC0-301F-11D3-BF4B-00C04F79EFBC}") = "PhotonUnityNetworking.Demos", "PhotonUnityNetworking.Demos.csproj", "{8BFD4C5F-8F4F-8289-B342-24FAD10FDA23}"
EndProject
Project("{FAE04EC0-301F-11D3-BF4B-00C04F79EFBC}") = "PhotonUnityNetworking.Utilities", "PhotonUnityNetworking.Utilities.csproj", "{239605E1-7932-E53F-2CE3-06B74D56466E}"
EndProject
Project("{FAE04EC0-301F-11D3-BF4B-00C04F79EFBC}") = "VRM", "VRM.csproj", "{9DD58349-CD38-8DE9-CDDA-5FB8D8B9BEFB}"
EndProject
Project("{FAE04EC0-301F-11D3-BF4B-00C04F79EFBC}") = "UniJSON", "UniJSON.csproj", "{4CF79D42-6C8A-E560-AD90-93C701113129}"
EndProject
Project("{FAE04EC0-301F-11D3-BF4B-00C04F79EFBC}") = "PhotonVoice.API", "PhotonVoice.API.csproj", "{AE6FE732-315F-D654-73CA-BD43F9725853}"
EndProject
Project("{FAE04EC0-301F-11D3-BF4B-00C04F79EFBC}") = "DepthFirstScheduler", "DepthFirstScheduler.csproj", "{79DA0A7F-FD06-64E7-352E-4A31E2A1784E}"
EndProject
Project("{FAE04EC0-301F-11D3-BF4B-00C04F79EFBC}") = "PhotonChat", "PhotonChat.csproj", "{DAC4628E-647C-FF21-4C15-968D0F834932}"
EndProject
Project("{FAE04EC0-301F-11D3-BF4B-00C04F79EFBC}") = "MToon", "MToon.csproj", "{1C049904-9AC8-6A2F-1716-6C9D1215FCBE}"
EndProject
Project("{FAE04EC0-301F-11D3-BF4B-00C04F79EFBC}") = "UniHumanoid", "UniHumanoid.csproj", "{94E238EE-D018-CAF7-C2D1-48FC9E50C623}"
EndProject
Project("{FAE04EC0-301F-11D3-BF4B-00C04F79EFBC}") = "PhotonUnityNetworking", "PhotonUnityNetworking.csproj", "{F571726C-E658-2611-01B9-91EA94FB228F}"
EndProject
Project("{FAE04EC0-301F-11D3-BF4B-00C04F79EFBC}") = "PhotonRealtime", "PhotonRealtime.csproj", "{6E22D6CF-48FF-9CB7-FAC4-1AEB6AA2EDA5}"
EndProject
Project("{FAE04EC0-301F-11D3-BF4B-00C04F79EFBC}") = "ShaderProperty.Runtime", "ShaderProperty.Runtime.csproj", "{07AD4119-4D15-4681-BD43-CB23E0173CAC}"
EndProject
Project("{FAE04EC0-301F-11D3-BF4B-00C04F79EFBC}") = "PhotonVoice", "PhotonVoice.csproj", "{278E4FE8-6CA3-FD68-F030-FED753E03FE3}"
EndProject
Project("{FAE04EC0-301F-11D3-BF4B-00C04F79EFBC}") = "UniUnlit", "UniUnlit.csproj", "{4B33AED1-93A4-0F35-01BA-58C508D5DEFB}"
EndProject
Project("{FAE04EC0-301F-11D3-BF4B-00C04F79EFBC}") = "PhotonWebSocket", "PhotonWebSocket.csproj", "{DAA1E732-4FB0-EE4B-3190-21C579FC10A5}"
EndProject
Project("{FAE04EC0-301F-11D3-BF4B-00C04F79EFBC}") = "PhotonVoice.PUN", "PhotonVoice.PUN.csproj", "{836CC565-4C55-4CD6-A51A-D90F6A6A1278}"
EndProject
Project("{FAE04EC0-301F-11D3-BF4B-00C04F79EFBC}") = "Assembly-CSharp-firstpass", "Assembly-CSharp-firstpass.csproj", "{14722DA6-9EF6-2122-7766-A15442FB984A}"
EndProject
Project("{FAE04EC0-301F-11D3-BF4B-00C04F79EFBC}") = "UniJSON.Editor.Tests", "UniJSON.Editor.Tests.csproj", "{674079C2-F78B-3BED-4BC4-6E6ED5D0DE16}"
EndProject
Project("{FAE04EC0-301F-11D3-BF4B-00C04F79EFBC}") = "Assembly-CSharp-Editor", "Assembly-CSharp-Editor.csproj", "{C9A7438F-5D31-22F3-ADC8-C5161CB429DB}"
EndProject
Project("{FAE04EC0-301F-11D3-BF4B-00C04F79EFBC}") = "UniVRM.Editor", "UniVRM.Editor.csproj", "{CCFAC190-6362-DD7F-D83B-2943C7B696AA}"
EndProject
Project("{FAE04EC0-301F-11D3-BF4B-00C04F79EFBC}") = "PhotonVoice.Editor", "PhotonVoice.Editor.csproj", "{A237D3D1-329D-CC5B-AEAD-7B4087A4CD1E}"
EndProject
Project("{FAE04EC0-301F-11D3-BF4B-00C04F79EFBC}") = "UniHumanoid.Editor", "UniHumanoid.Editor.csproj", "{D28545DF-45E6-C6AF-B3C3-AF29FC76F948}"
EndProject
Project("{FAE04EC0-301F-11D3-BF4B-00C04F79EFBC}") = "UniGLTF.Editor.Tests", "UniGLTF.Editor.Tests.csproj", "{C0B9B78E-AAF8-F3A6-658B-1D6DBA8E1243}"
EndProject
Project("{FAE04EC0-301F-11D3-BF4B-00C04F79EFBC}") = "PhotonUnityNetworking.Editor", "PhotonUnityNetworking.Editor.csproj", "{7368D144-9C9C-4694-E3D7-054D9177E75F}"
EndProject
Project("{FAE04EC0-301F-11D3-BF4B-00C04F79EFBC}") = "PhotonVoice.Utilities.Editor", "PhotonVoice.Utilities.Editor.csproj", "{4EC6733A-C7F4-8322-CDF3-136D9ACA3E04}"
EndProject
Project("{FAE04EC0-301F-11D3-BF4B-00C04F79EFBC}") = "UniGLTF.Editor", "UniGLTF.Editor.csproj", "{DCFD93D2-971A-F968-20BB-FFA81F9A60E8}"
EndProject
Project("{FAE04EC0-301F-11D3-BF4B-00C04F79EFBC}") = "PunDemos.DemoHubEditor", "PunDemos.DemoHubEditor.csproj", "{68646BFA-AC5A-BD4D-5123-5498377996DC}"
EndProject
Project("{FAE04EC0-301F-11D3-BF4B-00C04F79EFBC}") = "UniVRM.Editor.Tests", "UniVRM.Editor.Tests.csproj", "{418795BA-6C33-44A5-2CF3-9B4BDF4FC3AB}"
EndProject
Project("{FAE04EC0-301F-11D3-BF4B-00C04F79EFBC}") = "PhotonUnityNetworking.Utilities.PhotonPlayer.Editor", "PhotonUnityNetworking.Utilities.PhotonPlayer.Editor.csproj", "{8E0BC58B-598B-A09D-4CB4-D1CB083BDF9D}"
EndProject
Project("{FAE04EC0-301F-11D3-BF4B-00C04F79EFBC}") = "UniUnlit.Editor", "UniUnlit.Editor.csproj", "{C84669D9-897A-67E5-DF6D-421F772E2859}"
EndProject
Project("{FAE04EC0-301F-11D3-BF4B-00C04F79EFBC}") = "PhotonUnityNetworking.Utilities.Culling.Editor", "PhotonUnityNetworking.Utilities.Culling.Editor.csproj", "{248C83B8-BEA1-0B74-2777-8AAE4E252F1A}"
EndProject
Project("{FAE04EC0-301F-11D3-BF4B-00C04F79EFBC}") = "PunDemos.DemoSlotcarEditor", "PunDemos.DemoSlotcarEditor.csproj", "{D08F04F6-0AAF-9144-EBCB-7054D864472B}"
EndProject
Project("{FAE04EC0-301F-11D3-BF4B-00C04F79EFBC}") = "ShaderProperty.Editor", "ShaderProperty.Editor.csproj", "{71455428-2DB1-EC99-9CA7-BD46CCB8C83A}"
EndProject
Project("{FAE04EC0-301F-11D3-BF4B-00C04F79EFBC}") = "MToon.Editor", "MToon.Editor.csproj", "{385C4DCF-E62E-E714-F9ED-CBBFA8FA8D21}"
EndProject
Project("{FAE04EC0-301F-11D3-BF4B-00C04F79EFBC}") = "PhotonVoice.PUN.Editor", "PhotonVoice.PUN.Editor.csproj", "{4C9686BB-124F-685F-D032-DA07BCBC4F98}"
EndProject
Project("{FAE04EC0-301F-11D3-BF4B-00C04F79EFBC}") = "DepthFirstScheduler.Editor.Tests", "DepthFirstScheduler.Editor.Tests.csproj", "{523DDEB2-0199-55D9-6A41-80FEF1A38556}"
EndProject
Project("{FAE04EC0-301F-11D3-BF4B-00C04F79EFBC}") = "UniHumanoid.Editor.Tests", "UniHumanoid.Editor.Tests.csproj", "{897B80D0-C119-6D23-0EEC-ED6365DA54C5}"
EndProject
Global
	GlobalSection(SolutionConfigurationPlatforms) = preSolution
		Debug|Any CPU = Debug|Any CPU
		Release|Any CPU = Release|Any CPU
	EndGlobalSection
	GlobalSection(ProjectConfigurationPlatforms) = postSolution
		{0C837554-9C10-3AF7-06C5-38EF3168807A}.Debug|Any CPU.ActiveCfg = Debug|Any CPU
		{0C837554-9C10-3AF7-06C5-38EF3168807A}.Debug|Any CPU.Build.0 = Debug|Any CPU
		{0C837554-9C10-3AF7-06C5-38EF3168807A}.Release|Any CPU.ActiveCfg = Release|Any CPU
		{0C837554-9C10-3AF7-06C5-38EF3168807A}.Release|Any CPU.Build.0 = Release|Any CPU
		{8BFD4C5F-8F4F-8289-B342-24FAD10FDA23}.Debug|Any CPU.ActiveCfg = Debug|Any CPU
		{8BFD4C5F-8F4F-8289-B342-24FAD10FDA23}.Debug|Any CPU.Build.0 = Debug|Any CPU
		{8BFD4C5F-8F4F-8289-B342-24FAD10FDA23}.Release|Any CPU.ActiveCfg = Release|Any CPU
		{8BFD4C5F-8F4F-8289-B342-24FAD10FDA23}.Release|Any CPU.Build.0 = Release|Any CPU
		{239605E1-7932-E53F-2CE3-06B74D56466E}.Debug|Any CPU.ActiveCfg = Debug|Any CPU
		{239605E1-7932-E53F-2CE3-06B74D56466E}.Debug|Any CPU.Build.0 = Debug|Any CPU
		{239605E1-7932-E53F-2CE3-06B74D56466E}.Release|Any CPU.ActiveCfg = Release|Any CPU
		{239605E1-7932-E53F-2CE3-06B74D56466E}.Release|Any CPU.Build.0 = Release|Any CPU
		{9DD58349-CD38-8DE9-CDDA-5FB8D8B9BEFB}.Debug|Any CPU.ActiveCfg = Debug|Any CPU
		{9DD58349-CD38-8DE9-CDDA-5FB8D8B9BEFB}.Debug|Any CPU.Build.0 = Debug|Any CPU
		{9DD58349-CD38-8DE9-CDDA-5FB8D8B9BEFB}.Release|Any CPU.ActiveCfg = Release|Any CPU
		{9DD58349-CD38-8DE9-CDDA-5FB8D8B9BEFB}.Release|Any CPU.Build.0 = Release|Any CPU
		{4CF79D42-6C8A-E560-AD90-93C701113129}.Debug|Any CPU.ActiveCfg = Debug|Any CPU
		{4CF79D42-6C8A-E560-AD90-93C701113129}.Debug|Any CPU.Build.0 = Debug|Any CPU
		{4CF79D42-6C8A-E560-AD90-93C701113129}.Release|Any CPU.ActiveCfg = Release|Any CPU
		{4CF79D42-6C8A-E560-AD90-93C701113129}.Release|Any CPU.Build.0 = Release|Any CPU
		{AE6FE732-315F-D654-73CA-BD43F9725853}.Debug|Any CPU.ActiveCfg = Debug|Any CPU
		{AE6FE732-315F-D654-73CA-BD43F9725853}.Debug|Any CPU.Build.0 = Debug|Any CPU
		{AE6FE732-315F-D654-73CA-BD43F9725853}.Release|Any CPU.ActiveCfg = Release|Any CPU
		{AE6FE732-315F-D654-73CA-BD43F9725853}.Release|Any CPU.Build.0 = Release|Any CPU
		{79DA0A7F-FD06-64E7-352E-4A31E2A1784E}.Debug|Any CPU.ActiveCfg = Debug|Any CPU
		{79DA0A7F-FD06-64E7-352E-4A31E2A1784E}.Debug|Any CPU.Build.0 = Debug|Any CPU
		{79DA0A7F-FD06-64E7-352E-4A31E2A1784E}.Release|Any CPU.ActiveCfg = Release|Any CPU
		{79DA0A7F-FD06-64E7-352E-4A31E2A1784E}.Release|Any CPU.Build.0 = Release|Any CPU
		{DAC4628E-647C-FF21-4C15-968D0F834932}.Debug|Any CPU.ActiveCfg = Debug|Any CPU
		{DAC4628E-647C-FF21-4C15-968D0F834932}.Debug|Any CPU.Build.0 = Debug|Any CPU
		{DAC4628E-647C-FF21-4C15-968D0F834932}.Release|Any CPU.ActiveCfg = Release|Any CPU
		{DAC4628E-647C-FF21-4C15-968D0F834932}.Release|Any CPU.Build.0 = Release|Any CPU
		{1C049904-9AC8-6A2F-1716-6C9D1215FCBE}.Debug|Any CPU.ActiveCfg = Debug|Any CPU
		{1C049904-9AC8-6A2F-1716-6C9D1215FCBE}.Debug|Any CPU.Build.0 = Debug|Any CPU
		{1C049904-9AC8-6A2F-1716-6C9D1215FCBE}.Release|Any CPU.ActiveCfg = Release|Any CPU
		{1C049904-9AC8-6A2F-1716-6C9D1215FCBE}.Release|Any CPU.Build.0 = Release|Any CPU
		{94E238EE-D018-CAF7-C2D1-48FC9E50C623}.Debug|Any CPU.ActiveCfg = Debug|Any CPU
		{94E238EE-D018-CAF7-C2D1-48FC9E50C623}.Debug|Any CPU.Build.0 = Debug|Any CPU
		{94E238EE-D018-CAF7-C2D1-48FC9E50C623}.Release|Any CPU.ActiveCfg = Release|Any CPU
		{94E238EE-D018-CAF7-C2D1-48FC9E50C623}.Release|Any CPU.Build.0 = Release|Any CPU
		{F571726C-E658-2611-01B9-91EA94FB228F}.Debug|Any CPU.ActiveCfg = Debug|Any CPU
		{F571726C-E658-2611-01B9-91EA94FB228F}.Debug|Any CPU.Build.0 = Debug|Any CPU
		{F571726C-E658-2611-01B9-91EA94FB228F}.Release|Any CPU.ActiveCfg = Release|Any CPU
		{F571726C-E658-2611-01B9-91EA94FB228F}.Release|Any CPU.Build.0 = Release|Any CPU
		{6E22D6CF-48FF-9CB7-FAC4-1AEB6AA2EDA5}.Debug|Any CPU.ActiveCfg = Debug|Any CPU
		{6E22D6CF-48FF-9CB7-FAC4-1AEB6AA2EDA5}.Debug|Any CPU.Build.0 = Debug|Any CPU
		{6E22D6CF-48FF-9CB7-FAC4-1AEB6AA2EDA5}.Release|Any CPU.ActiveCfg = Release|Any CPU
		{6E22D6CF-48FF-9CB7-FAC4-1AEB6AA2EDA5}.Release|Any CPU.Build.0 = Release|Any CPU
		{07AD4119-4D15-4681-BD43-CB23E0173CAC}.Debug|Any CPU.ActiveCfg = Debug|Any CPU
		{07AD4119-4D15-4681-BD43-CB23E0173CAC}.Debug|Any CPU.Build.0 = Debug|Any CPU
		{07AD4119-4D15-4681-BD43-CB23E0173CAC}.Release|Any CPU.ActiveCfg = Release|Any CPU
		{07AD4119-4D15-4681-BD43-CB23E0173CAC}.Release|Any CPU.Build.0 = Release|Any CPU
		{278E4FE8-6CA3-FD68-F030-FED753E03FE3}.Debug|Any CPU.ActiveCfg = Debug|Any CPU
		{278E4FE8-6CA3-FD68-F030-FED753E03FE3}.Debug|Any CPU.Build.0 = Debug|Any CPU
		{278E4FE8-6CA3-FD68-F030-FED753E03FE3}.Release|Any CPU.ActiveCfg = Release|Any CPU
		{278E4FE8-6CA3-FD68-F030-FED753E03FE3}.Release|Any CPU.Build.0 = Release|Any CPU
		{4B33AED1-93A4-0F35-01BA-58C508D5DEFB}.Debug|Any CPU.ActiveCfg = Debug|Any CPU
		{4B33AED1-93A4-0F35-01BA-58C508D5DEFB}.Debug|Any CPU.Build.0 = Debug|Any CPU
		{4B33AED1-93A4-0F35-01BA-58C508D5DEFB}.Release|Any CPU.ActiveCfg = Release|Any CPU
		{4B33AED1-93A4-0F35-01BA-58C508D5DEFB}.Release|Any CPU.Build.0 = Release|Any CPU
		{DAA1E732-4FB0-EE4B-3190-21C579FC10A5}.Debug|Any CPU.ActiveCfg = Debug|Any CPU
		{DAA1E732-4FB0-EE4B-3190-21C579FC10A5}.Debug|Any CPU.Build.0 = Debug|Any CPU
		{DAA1E732-4FB0-EE4B-3190-21C579FC10A5}.Release|Any CPU.ActiveCfg = Release|Any CPU
		{DAA1E732-4FB0-EE4B-3190-21C579FC10A5}.Release|Any CPU.Build.0 = Release|Any CPU
		{836CC565-4C55-4CD6-A51A-D90F6A6A1278}.Debug|Any CPU.ActiveCfg = Debug|Any CPU
		{836CC565-4C55-4CD6-A51A-D90F6A6A1278}.Debug|Any CPU.Build.0 = Debug|Any CPU
		{836CC565-4C55-4CD6-A51A-D90F6A6A1278}.Release|Any CPU.ActiveCfg = Release|Any CPU
		{836CC565-4C55-4CD6-A51A-D90F6A6A1278}.Release|Any CPU.Build.0 = Release|Any CPU
		{14722DA6-9EF6-2122-7766-A15442FB984A}.Debug|Any CPU.ActiveCfg = Debug|Any CPU
		{14722DA6-9EF6-2122-7766-A15442FB984A}.Debug|Any CPU.Build.0 = Debug|Any CPU
		{14722DA6-9EF6-2122-7766-A15442FB984A}.Release|Any CPU.ActiveCfg = Release|Any CPU
		{14722DA6-9EF6-2122-7766-A15442FB984A}.Release|Any CPU.Build.0 = Release|Any CPU
		{674079C2-F78B-3BED-4BC4-6E6ED5D0DE16}.Debug|Any CPU.ActiveCfg = Debug|Any CPU
		{674079C2-F78B-3BED-4BC4-6E6ED5D0DE16}.Debug|Any CPU.Build.0 = Debug|Any CPU
		{674079C2-F78B-3BED-4BC4-6E6ED5D0DE16}.Release|Any CPU.ActiveCfg = Release|Any CPU
		{674079C2-F78B-3BED-4BC4-6E6ED5D0DE16}.Release|Any CPU.Build.0 = Release|Any CPU
		{C9A7438F-5D31-22F3-ADC8-C5161CB429DB}.Debug|Any CPU.ActiveCfg = Debug|Any CPU
		{C9A7438F-5D31-22F3-ADC8-C5161CB429DB}.Debug|Any CPU.Build.0 = Debug|Any CPU
		{C9A7438F-5D31-22F3-ADC8-C5161CB429DB}.Release|Any CPU.ActiveCfg = Release|Any CPU
		{C9A7438F-5D31-22F3-ADC8-C5161CB429DB}.Release|Any CPU.Build.0 = Release|Any CPU
		{CCFAC190-6362-DD7F-D83B-2943C7B696AA}.Debug|Any CPU.ActiveCfg = Debug|Any CPU
		{CCFAC190-6362-DD7F-D83B-2943C7B696AA}.Debug|Any CPU.Build.0 = Debug|Any CPU
		{CCFAC190-6362-DD7F-D83B-2943C7B696AA}.Release|Any CPU.ActiveCfg = Release|Any CPU
		{CCFAC190-6362-DD7F-D83B-2943C7B696AA}.Release|Any CPU.Build.0 = Release|Any CPU
		{A237D3D1-329D-CC5B-AEAD-7B4087A4CD1E}.Debug|Any CPU.ActiveCfg = Debug|Any CPU
		{A237D3D1-329D-CC5B-AEAD-7B4087A4CD1E}.Debug|Any CPU.Build.0 = Debug|Any CPU
		{A237D3D1-329D-CC5B-AEAD-7B4087A4CD1E}.Release|Any CPU.ActiveCfg = Release|Any CPU
		{A237D3D1-329D-CC5B-AEAD-7B4087A4CD1E}.Release|Any CPU.Build.0 = Release|Any CPU
		{D28545DF-45E6-C6AF-B3C3-AF29FC76F948}.Debug|Any CPU.ActiveCfg = Debug|Any CPU
		{D28545DF-45E6-C6AF-B3C3-AF29FC76F948}.Debug|Any CPU.Build.0 = Debug|Any CPU
		{D28545DF-45E6-C6AF-B3C3-AF29FC76F948}.Release|Any CPU.ActiveCfg = Release|Any CPU
		{D28545DF-45E6-C6AF-B3C3-AF29FC76F948}.Release|Any CPU.Build.0 = Release|Any CPU
		{C0B9B78E-AAF8-F3A6-658B-1D6DBA8E1243}.Debug|Any CPU.ActiveCfg = Debug|Any CPU
		{C0B9B78E-AAF8-F3A6-658B-1D6DBA8E1243}.Debug|Any CPU.Build.0 = Debug|Any CPU
		{C0B9B78E-AAF8-F3A6-658B-1D6DBA8E1243}.Release|Any CPU.ActiveCfg = Release|Any CPU
		{C0B9B78E-AAF8-F3A6-658B-1D6DBA8E1243}.Release|Any CPU.Build.0 = Release|Any CPU
		{7368D144-9C9C-4694-E3D7-054D9177E75F}.Debug|Any CPU.ActiveCfg = Debug|Any CPU
		{7368D144-9C9C-4694-E3D7-054D9177E75F}.Debug|Any CPU.Build.0 = Debug|Any CPU
		{7368D144-9C9C-4694-E3D7-054D9177E75F}.Release|Any CPU.ActiveCfg = Release|Any CPU
		{7368D144-9C9C-4694-E3D7-054D9177E75F}.Release|Any CPU.Build.0 = Release|Any CPU
		{4EC6733A-C7F4-8322-CDF3-136D9ACA3E04}.Debug|Any CPU.ActiveCfg = Debug|Any CPU
		{4EC6733A-C7F4-8322-CDF3-136D9ACA3E04}.Debug|Any CPU.Build.0 = Debug|Any CPU
		{4EC6733A-C7F4-8322-CDF3-136D9ACA3E04}.Release|Any CPU.ActiveCfg = Release|Any CPU
		{4EC6733A-C7F4-8322-CDF3-136D9ACA3E04}.Release|Any CPU.Build.0 = Release|Any CPU
		{DCFD93D2-971A-F968-20BB-FFA81F9A60E8}.Debug|Any CPU.ActiveCfg = Debug|Any CPU
		{DCFD93D2-971A-F968-20BB-FFA81F9A60E8}.Debug|Any CPU.Build.0 = Debug|Any CPU
		{DCFD93D2-971A-F968-20BB-FFA81F9A60E8}.Release|Any CPU.ActiveCfg = Release|Any CPU
		{DCFD93D2-971A-F968-20BB-FFA81F9A60E8}.Release|Any CPU.Build.0 = Release|Any CPU
		{68646BFA-AC5A-BD4D-5123-5498377996DC}.Debug|Any CPU.ActiveCfg = Debug|Any CPU
		{68646BFA-AC5A-BD4D-5123-5498377996DC}.Debug|Any CPU.Build.0 = Debug|Any CPU
		{68646BFA-AC5A-BD4D-5123-5498377996DC}.Release|Any CPU.ActiveCfg = Release|Any CPU
		{68646BFA-AC5A-BD4D-5123-5498377996DC}.Release|Any CPU.Build.0 = Release|Any CPU
		{418795BA-6C33-44A5-2CF3-9B4BDF4FC3AB}.Debug|Any CPU.ActiveCfg = Debug|Any CPU
		{418795BA-6C33-44A5-2CF3-9B4BDF4FC3AB}.Debug|Any CPU.Build.0 = Debug|Any CPU
		{418795BA-6C33-44A5-2CF3-9B4BDF4FC3AB}.Release|Any CPU.ActiveCfg = Release|Any CPU
		{418795BA-6C33-44A5-2CF3-9B4BDF4FC3AB}.Release|Any CPU.Build.0 = Release|Any CPU
		{8E0BC58B-598B-A09D-4CB4-D1CB083BDF9D}.Debug|Any CPU.ActiveCfg = Debug|Any CPU
		{8E0BC58B-598B-A09D-4CB4-D1CB083BDF9D}.Debug|Any CPU.Build.0 = Debug|Any CPU
		{8E0BC58B-598B-A09D-4CB4-D1CB083BDF9D}.Release|Any CPU.ActiveCfg = Release|Any CPU
		{8E0BC58B-598B-A09D-4CB4-D1CB083BDF9D}.Release|Any CPU.Build.0 = Release|Any CPU
		{C84669D9-897A-67E5-DF6D-421F772E2859}.Debug|Any CPU.ActiveCfg = Debug|Any CPU
		{C84669D9-897A-67E5-DF6D-421F772E2859}.Debug|Any CPU.Build.0 = Debug|Any CPU
		{C84669D9-897A-67E5-DF6D-421F772E2859}.Release|Any CPU.ActiveCfg = Release|Any CPU
		{C84669D9-897A-67E5-DF6D-421F772E2859}.Release|Any CPU.Build.0 = Release|Any CPU
		{248C83B8-BEA1-0B74-2777-8AAE4E252F1A}.Debug|Any CPU.ActiveCfg = Debug|Any CPU
		{248C83B8-BEA1-0B74-2777-8AAE4E252F1A}.Debug|Any CPU.Build.0 = Debug|Any CPU
		{248C83B8-BEA1-0B74-2777-8AAE4E252F1A}.Release|Any CPU.ActiveCfg = Release|Any CPU
		{248C83B8-BEA1-0B74-2777-8AAE4E252F1A}.Release|Any CPU.Build.0 = Release|Any CPU
		{D08F04F6-0AAF-9144-EBCB-7054D864472B}.Debug|Any CPU.ActiveCfg = Debug|Any CPU
		{D08F04F6-0AAF-9144-EBCB-7054D864472B}.Debug|Any CPU.Build.0 = Debug|Any CPU
		{D08F04F6-0AAF-9144-EBCB-7054D864472B}.Release|Any CPU.ActiveCfg = Release|Any CPU
		{D08F04F6-0AAF-9144-EBCB-7054D864472B}.Release|Any CPU.Build.0 = Release|Any CPU
		{71455428-2DB1-EC99-9CA7-BD46CCB8C83A}.Debug|Any CPU.ActiveCfg = Debug|Any CPU
		{71455428-2DB1-EC99-9CA7-BD46CCB8C83A}.Debug|Any CPU.Build.0 = Debug|Any CPU
		{71455428-2DB1-EC99-9CA7-BD46CCB8C83A}.Release|Any CPU.ActiveCfg = Release|Any CPU
		{71455428-2DB1-EC99-9CA7-BD46CCB8C83A}.Release|Any CPU.Build.0 = Release|Any CPU
		{385C4DCF-E62E-E714-F9ED-CBBFA8FA8D21}.Debug|Any CPU.ActiveCfg = Debug|Any CPU
		{385C4DCF-E62E-E714-F9ED-CBBFA8FA8D21}.Debug|Any CPU.Build.0 = Debug|Any CPU
		{385C4DCF-E62E-E714-F9ED-CBBFA8FA8D21}.Release|Any CPU.ActiveCfg = Release|Any CPU
		{385C4DCF-E62E-E714-F9ED-CBBFA8FA8D21}.Release|Any CPU.Build.0 = Release|Any CPU
		{4C9686BB-124F-685F-D032-DA07BCBC4F98}.Debug|Any CPU.ActiveCfg = Debug|Any CPU
		{4C9686BB-124F-685F-D032-DA07BCBC4F98}.Debug|Any CPU.Build.0 = Debug|Any CPU
		{4C9686BB-124F-685F-D032-DA07BCBC4F98}.Release|Any CPU.ActiveCfg = Release|Any CPU
		{4C9686BB-124F-685F-D032-DA07BCBC4F98}.Release|Any CPU.Build.0 = Release|Any CPU
		{523DDEB2-0199-55D9-6A41-80FEF1A38556}.Debug|Any CPU.ActiveCfg = Debug|Any CPU
		{523DDEB2-0199-55D9-6A41-80FEF1A38556}.Debug|Any CPU.Build.0 = Debug|Any CPU
		{523DDEB2-0199-55D9-6A41-80FEF1A38556}.Release|Any CPU.ActiveCfg = Release|Any CPU
		{523DDEB2-0199-55D9-6A41-80FEF1A38556}.Release|Any CPU.Build.0 = Release|Any CPU
		{897B80D0-C119-6D23-0EEC-ED6365DA54C5}.Debug|Any CPU.ActiveCfg = Debug|Any CPU
		{897B80D0-C119-6D23-0EEC-ED6365DA54C5}.Debug|Any CPU.Build.0 = Debug|Any CPU
		{897B80D0-C119-6D23-0EEC-ED6365DA54C5}.Release|Any CPU.ActiveCfg = Release|Any CPU
		{897B80D0-C119-6D23-0EEC-ED6365DA54C5}.Release|Any CPU.Build.0 = Release|Any CPU
	EndGlobalSection
	GlobalSection(SolutionProperties) = preSolution
		HideSolutionNode = FALSE
	EndGlobalSection
EndGlobal
